
Microsoft Visual Studio Solution File, Format Version 12.00
# Visual Studio Version 16
VisualStudioVersion = 16.0.30320.27
MinimumVisualStudioVersion = 10.0.40219.1
Project("{FAE04EC0-301F-11D3-BF4B-00C04F79EFBC}") = "WebApplicationMongoDb", "WebApplicationMongoDb\WebApplicationMongoDb.csproj", "{81ED6038-FE60-4814-8DEB-23BCBB2143E6}"
EndProject
Global
	GlobalSection(SolutionConfigurationPlatforms) = preSolution
		Debug|Any CPU = Debug|Any CPU
		Release|Any CPU = Release|Any CPU
	EndGlobalSection
	GlobalSection(ProjectConfigurationPlatforms) = postSolution
		{81ED6038-FE60-4814-8DEB-23BCBB2143E6}.Debug|Any CPU.ActiveCfg = Debug|Any CPU
		{81ED6038-FE60-4814-8DEB-23BCBB2143E6}.Debug|Any CPU.Build.0 = Debug|Any CPU
		{81ED6038-FE60-4814-8DEB-23BCBB2143E6}.Release|Any CPU.ActiveCfg = Release|Any CPU
		{81ED6038-FE60-4814-8DEB-23BCBB2143E6}.Release|Any CPU.Build.0 = Release|Any CPU
	EndGlobalSection
	GlobalSection(SolutionProperties) = preSolution
		HideSolutionNode = FALSE
	EndGlobalSection
	GlobalSection(ExtensibilityGlobals) = postSolution
		SolutionGuid = {0CCB01C3-FB4C-454B-906A-E5914AAB9964}
	EndGlobalSection
EndGlobal
